
Microsoft Visual Studio Solution File, Format Version 12.00
Project("{FAE04EC0-301F-11D3-BF4B-00C04F79EFBC}") = "Lib", "Lib\Lib.csproj", "{D9B007A9-B06F-4D53-95BC-4A0F162776AF}"
EndProject
Project("{FAE04EC0-301F-11D3-BF4B-00C04F79EFBC}") = "Cli", "Cli\Cli.csproj", "{8729AF01-A30E-46E3-B5AB-13E5FC01C5FF}"
EndProject
Project("{FAE04EC0-301F-11D3-BF4B-00C04F79EFBC}") = "Tests", "Tests\Tests.csproj", "{990F903B-B979-4D9C-AFD6-1F7C98E87C44}"
EndProject
Project("{2150E333-8FDC-42A3-9474-1A3956D46DE8}") = "Solution Files", "Solution Files", "{A8E95C6B-2B1E-42CB-9EC5-AC6C0BFB4B6F}"
	ProjectSection(SolutionItems) = preProject
		Data\sequence.fasta = Data\sequence.fasta
		README.md = README.md
	EndProjectSection
EndProject
Global
	GlobalSection(SolutionConfigurationPlatforms) = preSolution
		Debug|Any CPU = Debug|Any CPU
		Release|Any CPU = Release|Any CPU
	EndGlobalSection
	GlobalSection(ProjectConfigurationPlatforms) = postSolution
		{D9B007A9-B06F-4D53-95BC-4A0F162776AF}.Debug|Any CPU.ActiveCfg = Debug|Any CPU
		{D9B007A9-B06F-4D53-95BC-4A0F162776AF}.Debug|Any CPU.Build.0 = Debug|Any CPU
		{D9B007A9-B06F-4D53-95BC-4A0F162776AF}.Release|Any CPU.ActiveCfg = Release|Any CPU
		{D9B007A9-B06F-4D53-95BC-4A0F162776AF}.Release|Any CPU.Build.0 = Release|Any CPU
		{8729AF01-A30E-46E3-B5AB-13E5FC01C5FF}.Debug|Any CPU.ActiveCfg = Debug|Any CPU
		{8729AF01-A30E-46E3-B5AB-13E5FC01C5FF}.Debug|Any CPU.Build.0 = Debug|Any CPU
		{8729AF01-A30E-46E3-B5AB-13E5FC01C5FF}.Release|Any CPU.ActiveCfg = Release|Any CPU
		{8729AF01-A30E-46E3-B5AB-13E5FC01C5FF}.Release|Any CPU.Build.0 = Release|Any CPU
		{990F903B-B979-4D9C-AFD6-1F7C98E87C44}.Debug|Any CPU.ActiveCfg = Debug|Any CPU
		{990F903B-B979-4D9C-AFD6-1F7C98E87C44}.Debug|Any CPU.Build.0 = Debug|Any CPU
		{990F903B-B979-4D9C-AFD6-1F7C98E87C44}.Release|Any CPU.ActiveCfg = Release|Any CPU
		{990F903B-B979-4D9C-AFD6-1F7C98E87C44}.Release|Any CPU.Build.0 = Release|Any CPU
	EndGlobalSection
EndGlobal
